# THIS IS AN AUTOGENERATED FILE. DO NOT EDIT THIS FILE DIRECTLY.
# yarn lockfile v1


acorn-es7-plugin@^1.0.12:
  version "1.1.7"
  resolved "https://registry.yarnpkg.com/acorn-es7-plugin/-/acorn-es7-plugin-1.1.7.tgz#f2ee1f3228a90eead1245f9ab1922eb2e71d336b"
  integrity sha1-8u4fMiipDurRJF+asZIusucdM2s=

acorn@^5.0.0:
  version "5.7.3"
  resolved "https://registry.yarnpkg.com/acorn/-/acorn-5.7.3.tgz#67aa231bf8812974b85235a96771eb6bd07ea279"
  integrity sha512-T/zvzYRfbVojPWahDsE5evJdHb3oJoQfFbsrKM7w5Zcs++Tr257tia3BmMP8XYVjp1S9RZXQMh7gao96BlqZOw==

array-filter@^1.0.0:
  version "1.0.0"
  resolved "https://registry.yarnpkg.com/array-filter/-/array-filter-1.0.0.tgz#baf79e62e6ef4c2a4c0b831232daffec251f9d83"
  integrity sha1-uveeYubvTCpMC4MSMtr/7CUfnYM=

aws-sdk@^2.397.0:
  version "2.397.0"
  resolved "https://registry.yarnpkg.com/aws-sdk/-/aws-sdk-2.397.0.tgz#4397a091bc48755bfc8082118906c3a99def20d2"
  integrity sha512-Yxt/iL8h1hNkCsBrgjZICnaIyT+q2xR9HNMii1sibmm8iIAg7Gcz/xELNgBEdGos2sWhcgYQVsp6ePbaMgpiKQ==
  dependencies:
    buffer "4.9.1"
    events "1.1.1"
    ieee754 "1.1.8"
    jmespath "0.15.0"
    querystring "0.2.0"
    sax "1.2.1"
    url "0.10.3"
    uuid "3.3.2"
    xml2js "0.4.19"

balanced-match@^1.0.0:
  version "1.0.0"
  resolved "https://registry.yarnpkg.com/balanced-match/-/balanced-match-1.0.0.tgz#89b4d199ab2bee49de164ea02b89ce462d71b767"
  integrity sha1-ibTRmasr7kneFk6gK4nORi1xt2c=

base64-js@^1.0.2:
  version "1.3.0"
  resolved "https://registry.yarnpkg.com/base64-js/-/base64-js-1.3.0.tgz#cab1e6118f051095e58b5281aea8c1cd22bfc0e3"
  integrity sha512-ccav/yGvoa80BQDljCxsmmQ3Xvx60/UpBIij5QN21W3wBi/hhIC9OoO+KLpu9IJTS9j4DRVJ3aDDF9cMSoa2lw==

brace-expansion@^1.1.7:
  version "1.1.11"
  resolved "https://registry.yarnpkg.com/brace-expansion/-/brace-expansion-1.1.11.tgz#3c7fcbf529d87226f3d2f52b966ff5271eb441dd"
  integrity sha512-iCuPHDFgrHX7H2vEI/5xpz07zSHB00TpugqhmYtVmMO6518mCuRMoOYFldEBl0g187ufozdaHgWKcYFb61qGiA==
  dependencies:
    balanced-match "^1.0.0"
    concat-map "0.0.1"

browser-stdout@1.3.1:
  version "1.3.1"
  resolved "https://registry.yarnpkg.com/browser-stdout/-/browser-stdout-1.3.1.tgz#baa559ee14ced73452229bad7326467c61fabd60"
  integrity sha512-qhAVI1+Av2X7qelOfAIYwXONood6XlZE/fXaBSmW/T5SzLAmCgzi+eiWE7fUvbHaeNBQH13UftjpXxsfLkMpgw==

buffer@4.9.1:
  version "4.9.1"
  resolved "https://registry.yarnpkg.com/buffer/-/buffer-4.9.1.tgz#6d1bb601b07a4efced97094132093027c95bc298"
  integrity sha1-bRu2AbB6TvztlwlBMgkwJ8lbwpg=
  dependencies:
    base64-js "^1.0.2"
    ieee754 "^1.1.4"
    isarray "^1.0.0"

call-signature@0.0.2:
  version "0.0.2"
  resolved "https://registry.yarnpkg.com/call-signature/-/call-signature-0.0.2.tgz#a84abc825a55ef4cb2b028bd74e205a65b9a4996"
  integrity sha1-qEq8glpV70yysCi9dOIFpluaSZY=

commander@2.15.1:
  version "2.15.1"
  resolved "https://registry.yarnpkg.com/commander/-/commander-2.15.1.tgz#df46e867d0fc2aec66a34662b406a9ccafff5b0f"
  integrity sha512-VlfT9F3V0v+jr4yxPc5gg9s62/fIVWsd2Bk2iD435um1NlGMYdVCq+MjcXnhYq2icNOizHr1kK+5TI6H0Hy0ag==

concat-map@0.0.1:
  version "0.0.1"
  resolved "https://registry.yarnpkg.com/concat-map/-/concat-map-0.0.1.tgz#d8a96bd77fd68df7793a73036a3ba0d5405d477b"
  integrity sha1-2Klr13/Wjfd5OnMDajug1UBdR3s=

core-js@^2.0.0:
  version "2.6.3"
  resolved "https://registry.yarnpkg.com/core-js/-/core-js-2.6.3.tgz#4b70938bdffdaf64931e66e2db158f0892289c49"
  integrity sha512-l00tmFFZOBHtYhN4Cz7k32VM7vTn3rE2ANjQDxdEN6zmXZ/xq1jQuutnmHvMG1ZJ7xd72+TA5YpUK8wz3rWsfQ==

debug@3.1.0:
  version "3.1.0"
  resolved "https://registry.yarnpkg.com/debug/-/debug-3.1.0.tgz#5bb5a0672628b64149566ba16819e61518c67261"
  integrity sha512-OX8XqP7/1a9cqkxYw2yXss15f26NKWBpDXQd0/uK/KPqdQhxbPa994hnzjcE2VqQpDslf55723cKPUOGSmMY3g==
  dependencies:
    ms "2.0.0"

define-properties@^1.1.2:
  version "1.1.3"
  resolved "https://registry.yarnpkg.com/define-properties/-/define-properties-1.1.3.tgz#cf88da6cbee26fe6db7094f61d870cbd84cee9f1"
  integrity sha512-3MqfYKj2lLzdMSf8ZIZE/V+Zuy+BgD6f164e8K2w7dgnpKArBDerGYpM46IYYcjnkdPNMjPk9A6VFB8+3SKlXQ==
  dependencies:
    object-keys "^1.0.12"

diff-match-patch@^1.0.0:
  version "1.0.4"
  resolved "https://registry.yarnpkg.com/diff-match-patch/-/diff-match-patch-1.0.4.tgz#6ac4b55237463761c4daf0dc603eb869124744b1"
  integrity sha512-Uv3SW8bmH9nAtHKaKSanOQmj2DnlH65fUpcrMdfdaOxUG02QQ4YGZ8AE7kKOMisF7UqvOlGKVYWRvezdncW9lg==

diff@3.5.0:
  version "3.5.0"
  resolved "https://registry.yarnpkg.com/diff/-/diff-3.5.0.tgz#800c0dd1e0a8bfbc95835c202ad220fe317e5a12"
  integrity sha512-A46qtFgd+g7pDZinpnwiRJtxbC1hpgf0uzP3iG89scHk0AUC7A1TGxf5OiiOUv/JMZR8GOt8hL900hV0bOy5xA==

dom-serializer@0:
  version "0.1.0"
  resolved "https://registry.yarnpkg.com/dom-serializer/-/dom-serializer-0.1.0.tgz#073c697546ce0780ce23be4a28e293e40bc30c82"
  integrity sha1-BzxpdUbOB4DOI75KKOKT5AvDDII=
  dependencies:
    domelementtype "~1.1.1"
    entities "~1.1.1"

domelementtype@1, domelementtype@^1.3.0:
  version "1.3.1"
  resolved "https://registry.yarnpkg.com/domelementtype/-/domelementtype-1.3.1.tgz#d048c44b37b0d10a7f2a3d5fee3f4333d790481f"
  integrity sha512-BSKB+TSpMpFI/HOxCNr1O8aMOTZ8hT3pM3GQ0w/mWRmkhEDSFJkkyzz4XQsBV44BChwGkrDfMyjVD0eA2aFV3w==

domelementtype@~1.1.1:
  version "1.1.3"
  resolved "https://registry.yarnpkg.com/domelementtype/-/domelementtype-1.1.3.tgz#bd28773e2642881aec51544924299c5cd822185b"
  integrity sha1-vSh3PiZCiBrsUVRJJCmcXNgiGFs=

domhandler@^2.3.0:
  version "2.4.2"
  resolved "https://registry.yarnpkg.com/domhandler/-/domhandler-2.4.2.tgz#8805097e933d65e85546f726d60f5eb88b44f803"
  integrity sha512-JiK04h0Ht5u/80fdLMCEmV4zkNh2BcoMFBmZ/91WtYZ8qVXSKjiw7fXMgFPnHcSZgOo3XdinHvmnDUeMf5R4wA==
  dependencies:
    domelementtype "1"

domutils@^1.5.1:
  version "1.7.0"
  resolved "https://registry.yarnpkg.com/domutils/-/domutils-1.7.0.tgz#56ea341e834e06e6748af7a1cb25da67ea9f8c2a"
  integrity sha512-Lgd2XcJ/NjEw+7tFvfKxOzCYKZsdct5lczQ2ZaQY8Djz7pfAD3Gbp8ySJWtreII/vDlMVmxwa6pHmdxIYgttDg==
  dependencies:
    dom-serializer "0"
    domelementtype "1"

eastasianwidth@^0.2.0:
  version "0.2.0"
  resolved "https://registry.yarnpkg.com/eastasianwidth/-/eastasianwidth-0.2.0.tgz#696ce2ec0aa0e6ea93a397ffcf24aa7840c827cb"
  integrity sha512-I88TYZWc9XiYHRQ4/3c5rjjfgkjhLyW2luGIheGERbNQ6OY7yTybanSpDXZa8y7VUP9YmDcYa+eyq4ca7iLqWA==

empower-core@^1.2.0:
  version "1.2.0"
  resolved "https://registry.yarnpkg.com/empower-core/-/empower-core-1.2.0.tgz#ce3fb2484d5187fa29c23fba8344b0b2fdf5601c"
  integrity sha512-g6+K6Geyc1o6FdXs9HwrXleCFan7d66G5xSCfSF7x1mJDCes6t0om9lFQG3zOrzh3Bkb/45N0cZ5Gqsf7YrzGQ==
  dependencies:
    call-signature "0.0.2"
    core-js "^2.0.0"

empower@^1.3.1:
  version "1.3.1"
  resolved "https://registry.yarnpkg.com/empower/-/empower-1.3.1.tgz#768979cbbb36d71d8f5edaab663deacb9dab916c"
  integrity sha512-uB6/ViBaawOO/uujFADTK3SqdYlxYNn+N4usK9MRKZ4Hbn/1QSy8k2PezxCA2/+JGbF8vd/eOfghZ90oOSDZCA==
  dependencies:
    core-js "^2.0.0"
    empower-core "^1.2.0"

entities@^1.1.1, entities@~1.1.1:
  version "1.1.2"
  resolved "https://registry.yarnpkg.com/entities/-/entities-1.1.2.tgz#bdfa735299664dfafd34529ed4f8522a275fea56"
  integrity sha512-f2LZMYl1Fzu7YSBKg+RoROelpOaNrcGmE9AZubeDfrCEia483oW4MI4VyFd5VNHIgQ/7qm1I0wUHK1eJnn2y2w==

escape-string-regexp@1.0.5:
  version "1.0.5"
  resolved "https://registry.yarnpkg.com/escape-string-regexp/-/escape-string-regexp-1.0.5.tgz#1b61c0562190a8dff6ae3bb2cf0200ca130b86d4"
  integrity sha1-G2HAViGQqN/2rjuyzwIAyhMLhtQ=

espurify@^1.6.0:
  version "1.8.1"
  resolved "https://registry.yarnpkg.com/espurify/-/espurify-1.8.1.tgz#5746c6c1ab42d302de10bd1d5bf7f0e8c0515056"
  integrity sha512-ZDko6eY/o+D/gHCWyHTU85mKDgYcS4FJj7S+YD6WIInm7GQ6AnOjmcL4+buFV/JOztVLELi/7MmuGU5NHta0Mg==
  dependencies:
    core-js "^2.0.0"

estraverse@^4.1.0, estraverse@^4.2.0:
  version "4.2.0"
  resolved "https://registry.yarnpkg.com/estraverse/-/estraverse-4.2.0.tgz#0dee3fed31fcd469618ce7342099fc1afa0bdb13"
  integrity sha1-De4/7TH81GlhjOc0IJn8GvoL2xM=

events@1.1.1:
  version "1.1.1"
  resolved "https://registry.yarnpkg.com/events/-/events-1.1.1.tgz#9ebdb7635ad099c70dcc4c2a1f5004288e8bd924"
  integrity sha1-nr23Y1rQmccNzEwqH1AEKI6L2SQ=

fs.realpath@^1.0.0:
  version "1.0.0"
  resolved "https://registry.yarnpkg.com/fs.realpath/-/fs.realpath-1.0.0.tgz#1504ad2523158caa40db4a2787cb01411994ea4f"
  integrity sha1-FQStJSMVjKpA20onh8sBQRmU6k8=

glob@7.1.2:
  version "7.1.2"
  resolved "https://registry.yarnpkg.com/glob/-/glob-7.1.2.tgz#c19c9df9a028702d678612384a6552404c636d15"
  integrity sha512-MJTUg1kjuLeQCJ+ccE4Vpa6kKVXkPYJ2mOCQyUuKLcLQsdrMCpBPUi8qVE6+YuaJkozeA9NusTAw3hLr8Xe5EQ==
  dependencies:
    fs.realpath "^1.0.0"
    inflight "^1.0.4"
    inherits "2"
    minimatch "^3.0.4"
    once "^1.3.0"
    path-is-absolute "^1.0.0"

growl@1.10.5:
  version "1.10.5"
  resolved "https://registry.yarnpkg.com/growl/-/growl-1.10.5.tgz#f2735dc2283674fa67478b10181059355c369e5e"
  integrity sha512-qBr4OuELkhPenW6goKVXiv47US3clb3/IbuWF9KNKEijAy9oeHxU9IgzjvJhHkUzhaj7rOUD7+YGWqUjLp5oSA==

has-flag@^3.0.0:
  version "3.0.0"
  resolved "https://registry.yarnpkg.com/has-flag/-/has-flag-3.0.0.tgz#b5d454dc2199ae225699f3467e5a07f3b955bafd"
  integrity sha1-tdRU3CGZriJWmfNGfloH87lVuv0=

he@1.1.1:
  version "1.1.1"
  resolved "https://registry.yarnpkg.com/he/-/he-1.1.1.tgz#93410fd21b009735151f8868c2f271f3427e23fd"
  integrity sha1-k0EP0hsAlzUVH4howvJx80J+I/0=

he@1.2.0, he@^1.0.0:
  version "1.2.0"
  resolved "https://registry.yarnpkg.com/he/-/he-1.2.0.tgz#84ae65fa7eafb165fddb61566ae14baf05664f0f"
  integrity sha512-F/1DnUGPopORZi0ni+CvrCgHQ5FyEAHRLSApuYWMmrbSwoN2Mn/7k+Gl38gJnR7yyDZk6WLXwiGod1JOWNDKGw==

html-to-text@4.0.0:
  version "4.0.0"
  resolved "https://registry.yarnpkg.com/html-to-text/-/html-to-text-4.0.0.tgz#c1f4e100d74e9feab5b152d7b6b3be3c1c6412b0"
  integrity sha512-QQl5EEd97h6+3crtgBhkEAO6sQnZyDff8DAeJzoSkOc1Dqe1UvTUZER0B+KjBe6fPZqq549l2VUhtracus3ndA==
  dependencies:
    he "^1.0.0"
    htmlparser2 "^3.9.2"
    lodash "^4.17.4"
    optimist "^0.6.1"

htmlparser2@^3.9.2:
  version "3.10.0"
  resolved "https://registry.yarnpkg.com/htmlparser2/-/htmlparser2-3.10.0.tgz#5f5e422dcf6119c0d983ed36260ce9ded0bee464"
  integrity sha512-J1nEUGv+MkXS0weHNWVKJJ+UrLfePxRWpN3C9bEi9fLxL2+ggW94DQvgYVXsaT30PGwYRIZKNZXuyMhp3Di4bQ==
  dependencies:
    domelementtype "^1.3.0"
    domhandler "^2.3.0"
    domutils "^1.5.1"
    entities "^1.1.1"
    inherits "^2.0.1"
    readable-stream "^3.0.6"

iconv-lite@0.4.23:
  version "0.4.23"
  resolved "https://registry.yarnpkg.com/iconv-lite/-/iconv-lite-0.4.23.tgz#297871f63be507adcfbfca715d0cd0eed84e9a63"
  integrity sha512-neyTUVFtahjf0mB3dZT77u+8O0QB89jFdnBkd5P1JgYPbPaia3gXXOVL2fq8VyU2gMMD7SaN7QukTB/pmXYvDA==
  dependencies:
    safer-buffer ">= 2.1.2 < 3"

iconv-lite@0.4.24:
  version "0.4.24"
  resolved "https://registry.yarnpkg.com/iconv-lite/-/iconv-lite-0.4.24.tgz#2022b4b25fbddc21d2f524974a474aafe733908b"
  integrity sha512-v3MXnZAcvnywkTUEZomIActle7RXXeedOR31wwl7VlyoXO4Qi9arvSenNQWne1TcRwhCL1HwLI21bEqdpj8/rA==
  dependencies:
    safer-buffer ">= 2.1.2 < 3"

ieee754@1.1.8:
  version "1.1.8"
  resolved "https://registry.yarnpkg.com/ieee754/-/ieee754-1.1.8.tgz#be33d40ac10ef1926701f6f08a2d86fbfd1ad3e4"
  integrity sha1-vjPUCsEO8ZJnAfbwii2G+/0a0+Q=

ieee754@^1.1.4:
  version "1.1.12"
  resolved "https://registry.yarnpkg.com/ieee754/-/ieee754-1.1.12.tgz#50bf24e5b9c8bb98af4964c941cdb0918da7b60b"
  integrity sha512-GguP+DRY+pJ3soyIiGPTvdiVXjZ+DbXOxGpXn3eMvNW4x4irjqXm4wHKscC+TfxSJ0yw/S1F24tqdMNsMZTiLA==

indexof@0.0.1:
  version "0.0.1"
  resolved "https://registry.yarnpkg.com/indexof/-/indexof-0.0.1.tgz#82dc336d232b9062179d05ab3293a66059fd435d"
  integrity sha1-gtwzbSMrkGIXnQWrMpOmYFn9Q10=

inflight@^1.0.4:
  version "1.0.6"
  resolved "https://registry.yarnpkg.com/inflight/-/inflight-1.0.6.tgz#49bd6331d7d02d0c09bc910a1075ba8165b56df9"
  integrity sha1-Sb1jMdfQLQwJvJEKEHW6gWW1bfk=
  dependencies:
    once "^1.3.0"
    wrappy "1"

inherits@2, inherits@^2.0.1, inherits@^2.0.3:
  version "2.0.3"
  resolved "https://registry.yarnpkg.com/inherits/-/inherits-2.0.3.tgz#633c2c83e3da42a502f52466022480f4208261de"
  integrity sha1-Yzwsg+PaQqUC9SRmAiSA9CCCYd4=

isarray@^1.0.0:
  version "1.0.0"
  resolved "https://registry.yarnpkg.com/isarray/-/isarray-1.0.0.tgz#bb935d48582cba168c06834957a54a3e07124f11"
  integrity sha1-u5NdSFgsuhaMBoNJV6VKPgcSTxE=

jmespath@0.15.0:
  version "0.15.0"
  resolved "https://registry.yarnpkg.com/jmespath/-/jmespath-0.15.0.tgz#a3f222a9aae9f966f5d27c796510e28091764217"
  integrity sha1-o/Iiqarp+Wb10nx5ZRDigJF2Qhc=

libbase64@1.0.3:
  version "1.0.3"
  resolved "https://registry.yarnpkg.com/libbase64/-/libbase64-1.0.3.tgz#de3023234abeefeb9d49378804c8a94404f5c98c"
  integrity sha512-ULQZAATVGTAgVNwP61R+MbbSGNBy1tVzWupB9kbE6p+VccWd+J+ICXgOwQic5Yqagzpu+oPZ8sI7yXdWJnPPkA==

libmime@4.0.1:
  version "4.0.1"
  resolved "https://registry.yarnpkg.com/libmime/-/libmime-4.0.1.tgz#dc71a19bfa6a97f8249d7205251d862d6fc599fb"
  integrity sha512-mGgJLRkpkMxZZYE7ncVXokgKfi5ePrIB1H3W/Bv3GbkVnFydIHTsPrfAVW0edxalQHmFfqDMU9W45PidCLG6DA==
  dependencies:
    iconv-lite "0.4.23"
    libbase64 "1.0.3"
    libqp "1.1.0"

libqp@1.1.0:
  version "1.1.0"
  resolved "https://registry.yarnpkg.com/libqp/-/libqp-1.1.0.tgz#f5e6e06ad74b794fb5b5b66988bf728ef1dedbe8"
  integrity sha1-9ebgatdLeU+1tbZpiL9yjvHe2+g=

linkify-it@2.0.3:
  version "2.0.3"
  resolved "https://registry.yarnpkg.com/linkify-it/-/linkify-it-2.0.3.tgz#d94a4648f9b1c179d64fa97291268bdb6ce9434f"
  integrity sha1-2UpGSPmxwXnWT6lykSaL22zpQ08=
  dependencies:
    uc.micro "^1.0.1"

lodash@^4.17.4:
  version "4.17.11"
  resolved "https://registry.yarnpkg.com/lodash/-/lodash-4.17.11.tgz#b39ea6229ef607ecd89e2c8df12536891cac9b8d"
  integrity sha512-cQKh8igo5QUhZ7lg38DYWAxMvjSAKG0A8wGSVimP07SIUEK2UO+arSRKbRZWtelMtN5V0Hkwh5ryOto/SshYIg==

mailparser@^2.4.3:
  version "2.4.3"
  resolved "https://registry.yarnpkg.com/mailparser/-/mailparser-2.4.3.tgz#4b073e79ca3254996c9fcf12ae8a0d27e19a2b46"
  integrity sha512-VKfFVzpgXLL7fNYy2ryRCPzwBxdlWdnExAgS551bQrmDuJgP0pmE01f9eIGKXlRpsCB8xw7XwYTkWqHBGEEbNg==
  dependencies:
    he "1.2.0"
    html-to-text "4.0.0"
    iconv-lite "0.4.24"
    libmime "4.0.1"
    linkify-it "2.0.3"
    mailsplit "4.2.4"
    nodemailer "4.6.8"
    tlds "1.203.1"

mailsplit@4.2.4:
  version "4.2.4"
  resolved "https://registry.yarnpkg.com/mailsplit/-/mailsplit-4.2.4.tgz#15c11d61cb2737667e926e5c2cf4998c085c4c0e"
  integrity sha512-UZUSCv2RtjUMbPFRkECF2O9IIdquEbMNlvIIlEgDROt+HVa++vFqqZZLuu/3MDFt5AND6W/r1a1UfJt7pA1f+Q==
  dependencies:
    libbase64 "1.0.3"
    libmime "4.0.1"
    libqp "1.1.0"

minimatch@3.0.4, minimatch@^3.0.4:
  version "3.0.4"
  resolved "https://registry.yarnpkg.com/minimatch/-/minimatch-3.0.4.tgz#5166e286457f03306064be5497e8dbb0c3d32083"
  integrity sha512-yJHVQEhyqPLUTgt9B83PXu6W3rx4MvvHvSUvToogpwoGDOUQ+yDrR0HRot+yOCdCO7u4hX3pWft6kWBBcqh0UA==
  dependencies:
    brace-expansion "^1.1.7"

minimist@0.0.8:
  version "0.0.8"
  resolved "https://registry.yarnpkg.com/minimist/-/minimist-0.0.8.tgz#857fcabfc3397d2625b8228262e86aa7a011b05d"
  integrity sha1-hX/Kv8M5fSYluCKCYuhqp6ARsF0=

minimist@~0.0.1:
  version "0.0.10"
  resolved "https://registry.yarnpkg.com/minimist/-/minimist-0.0.10.tgz#de3f98543dbf96082be48ad1a0c7cda836301dcf"
  integrity sha1-3j+YVD2/lggr5IrRoMfNqDYwHc8=

mkdirp@0.5.1:
  version "0.5.1"
  resolved "https://registry.yarnpkg.com/mkdirp/-/mkdirp-0.5.1.tgz#30057438eac6cf7f8c4767f38648d6697d75c903"
  integrity sha1-MAV0OOrGz3+MR2fzhkjWaX11yQM=
  dependencies:
    minimist "0.0.8"

mocha@^5.2.0:
  version "5.2.0"
  resolved "https://registry.yarnpkg.com/mocha/-/mocha-5.2.0.tgz#6d8ae508f59167f940f2b5b3c4a612ae50c90ae6"
  integrity sha512-2IUgKDhc3J7Uug+FxMXuqIyYzH7gJjXECKe/w43IGgQHTSj3InJi+yAA7T24L9bQMRKiUEHxEX37G5JpVUGLcQ==
  dependencies:
    browser-stdout "1.3.1"
    commander "2.15.1"
    debug "3.1.0"
    diff "3.5.0"
    escape-string-regexp "1.0.5"
    glob "7.1.2"
    growl "1.10.5"
    he "1.1.1"
    minimatch "3.0.4"
    mkdirp "0.5.1"
    supports-color "5.4.0"

ms@2.0.0:
  version "2.0.0"
  resolved "https://registry.yarnpkg.com/ms/-/ms-2.0.0.tgz#5608aeadfc00be6c2901df5f9861788de0d597c8"
  integrity sha1-VgiurfwAvmwpAd9fmGF4jeDVl8g=

nodemailer@4.6.8:
  version "4.6.8"
  resolved "https://registry.yarnpkg.com/nodemailer/-/nodemailer-4.6.8.tgz#f82fb407828bf2e76d92acc34b823d83e774f89c"
  integrity sha512-A3s7EM/426OBIZbLHXq2KkgvmKbn2Xga4m4G+ZUA4IaZvG8PcZXrFh+2E4VaS2o+emhuUVRnzKN2YmpkXQ9qwA==

object-keys@^1.0.0, object-keys@^1.0.12:
  version "1.0.12"
  resolved "https://registry.yarnpkg.com/object-keys/-/object-keys-1.0.12.tgz#09c53855377575310cca62f55bb334abff7b3ed2"
  integrity sha512-FTMyFUm2wBcGHnH2eXmz7tC6IwlqQZ6mVZ+6dm6vZ4IQIHjs6FdNsQBuKGPuUUUY6NfJw2PshC08Tn6LzLDOag==

once@^1.3.0:
  version "1.4.0"
  resolved "https://registry.yarnpkg.com/once/-/once-1.4.0.tgz#583b1aa775961d4b113ac17d9c50baef9dd76bd1"
  integrity sha1-WDsap3WWHUsROsF9nFC6753Xa9E=
  dependencies:
    wrappy "1"

optimist@^0.6.1:
  version "0.6.1"
  resolved "https://registry.yarnpkg.com/optimist/-/optimist-0.6.1.tgz#da3ea74686fa21a19a111c326e90eb15a0196686"
  integrity sha1-2j6nRob6IaGaERwybpDrFaAZZoY=
  dependencies:
    minimist "~0.0.1"
    wordwrap "~0.0.2"

path-is-absolute@^1.0.0:
  version "1.0.1"
  resolved "https://registry.yarnpkg.com/path-is-absolute/-/path-is-absolute-1.0.1.tgz#174b9268735534ffbc7ace6bf53a5a9e1b5c5f5f"
  integrity sha1-F0uSaHNVNP+8es5r9TpanhtcX18=

power-assert-context-formatter@^1.0.7:
  version "1.2.0"
  resolved "https://registry.yarnpkg.com/power-assert-context-formatter/-/power-assert-context-formatter-1.2.0.tgz#8fbe72692288ec5a7203cdf215c8b838a6061d2a"
  integrity sha512-HLNEW8Bin+BFCpk/zbyKwkEu9W8/zThIStxGo7weYcFkKgMuGCHUJhvJeBGXDZf0Qm2xis4pbnnciGZiX0EpSg==
  dependencies:
    core-js "^2.0.0"
    power-assert-context-traversal "^1.2.0"

power-assert-context-reducer-ast@^1.0.7:
  version "1.2.0"
  resolved "https://registry.yarnpkg.com/power-assert-context-reducer-ast/-/power-assert-context-reducer-ast-1.2.0.tgz#c7ca1c9e39a6fb717f7ac5fe9e76e192bf525df3"
  integrity sha512-EgOxmZ/Lb7tw4EwSKX7ZnfC0P/qRZFEG28dx/690qvhmOJ6hgThYFm5TUWANDLK5NiNKlPBi5WekVGd2+5wPrw==
  dependencies:
    acorn "^5.0.0"
    acorn-es7-plugin "^1.0.12"
    core-js "^2.0.0"
    espurify "^1.6.0"
    estraverse "^4.2.0"

power-assert-context-traversal@^1.2.0:
  version "1.2.0"
  resolved "https://registry.yarnpkg.com/power-assert-context-traversal/-/power-assert-context-traversal-1.2.0.tgz#f6e71454baf640de5c1c9c270349f5c9ab0b2e94"
  integrity sha512-NFoHU6g2umNajiP2l4qb0BRWD773Aw9uWdWYH9EQsVwIZnog5bd2YYLFCVvaxWpwNzWeEfZIon2xtyc63026pQ==
  dependencies:
    core-js "^2.0.0"
    estraverse "^4.1.0"

power-assert-formatter@^1.4.1:
  version "1.4.1"
  resolved "https://registry.yarnpkg.com/power-assert-formatter/-/power-assert-formatter-1.4.1.tgz#5dc125ed50a3dfb1dda26c19347f3bf58ec2884a"
  integrity sha1-XcEl7VCj37HdomwZNH879Y7CiEo=
  dependencies:
    core-js "^2.0.0"
    power-assert-context-formatter "^1.0.7"
    power-assert-context-reducer-ast "^1.0.7"
    power-assert-renderer-assertion "^1.0.7"
    power-assert-renderer-comparison "^1.0.7"
    power-assert-renderer-diagram "^1.0.7"
    power-assert-renderer-file "^1.0.7"

power-assert-renderer-assertion@^1.0.7:
  version "1.2.0"
  resolved "https://registry.yarnpkg.com/power-assert-renderer-assertion/-/power-assert-renderer-assertion-1.2.0.tgz#3db6ffcda106b37bc1e06432ad0d748a682b147a"
  integrity sha512-3F7Q1ZLmV2ZCQv7aV7NJLNK9G7QsostrhOU7U0RhEQS/0vhEqrRg2jEJl1jtUL4ZyL2dXUlaaqrmPv5r9kRvIg==
  dependencies:
    power-assert-renderer-base "^1.1.1"
    power-assert-util-string-width "^1.2.0"

power-assert-renderer-base@^1.1.1:
  version "1.1.1"
  resolved "https://registry.yarnpkg.com/power-assert-renderer-base/-/power-assert-renderer-base-1.1.1.tgz#96a650c6fd05ee1bc1f66b54ad61442c8b3f63eb"
  integrity sha1-lqZQxv0F7hvB9mtUrWFELIs/Y+s=

power-assert-renderer-comparison@^1.0.7:
  version "1.2.0"
  resolved "https://registry.yarnpkg.com/power-assert-renderer-comparison/-/power-assert-renderer-comparison-1.2.0.tgz#e4f88113225a69be8aa586ead05aef99462c0495"
  integrity sha512-7c3RKPDBKK4E3JqdPtYRE9cM8AyX4LC4yfTvvTYyx8zSqmT5kJnXwzR0yWQLOavACllZfwrAGQzFiXPc5sWa+g==
  dependencies:
    core-js "^2.0.0"
    diff-match-patch "^1.0.0"
    power-assert-renderer-base "^1.1.1"
    stringifier "^1.3.0"
    type-name "^2.0.1"

power-assert-renderer-diagram@^1.0.7:
  version "1.2.0"
  resolved "https://registry.yarnpkg.com/power-assert-renderer-diagram/-/power-assert-renderer-diagram-1.2.0.tgz#37f66e8542e5677c5b58e6d72b01c0d9a30e2219"
  integrity sha512-JZ6PC+DJPQqfU6dwSmpcoD7gNnb/5U77bU5KgNwPPa+i1Pxiz6UuDeM3EUBlhZ1HvH9tMjI60anqVyi5l2oNdg==
  dependencies:
    core-js "^2.0.0"
    power-assert-renderer-base "^1.1.1"
    power-assert-util-string-width "^1.2.0"
    stringifier "^1.3.0"

power-assert-renderer-file@^1.0.7:
  version "1.2.0"
  resolved "https://registry.yarnpkg.com/power-assert-renderer-file/-/power-assert-renderer-file-1.2.0.tgz#3f4bebd9e1455d75cf2ac541e7bb515a87d4ce4b"
  integrity sha512-/oaVrRbeOtGoyyd7e4IdLP/jIIUFJdqJtsYzP9/88R39CMnfF/S/rUc8ZQalENfUfQ/wQHu+XZYRMaCEZmEesg==
  dependencies:
    power-assert-renderer-base "^1.1.1"

power-assert-util-string-width@^1.2.0:
  version "1.2.0"
  resolved "https://registry.yarnpkg.com/power-assert-util-string-width/-/power-assert-util-string-width-1.2.0.tgz#6e06d5e3581bb876c5d377c53109fffa95bd91a0"
  integrity sha512-lX90G0igAW0iyORTILZ/QjZWsa1MZ6VVY3L0K86e2eKun3S4LKPH4xZIl8fdeMYLfOjkaszbNSzf1uugLeAm2A==
  dependencies:
    eastasianwidth "^0.2.0"

power-assert@^1.6.1:
  version "1.6.1"
  resolved "https://registry.yarnpkg.com/power-assert/-/power-assert-1.6.1.tgz#b28cbc02ae808afd1431d0cd5093a39ac5a5b1fe"
  integrity sha512-VWkkZV6Y+W8qLX/PtJu2Ur2jDPIs0a5vbP0TpKeybNcIXmT4vcKoVkyTp5lnQvTpY/DxacAZ4RZisHRHLJcAZQ==
  dependencies:
    define-properties "^1.1.2"
    empower "^1.3.1"
    power-assert-formatter "^1.4.1"
    universal-deep-strict-equal "^1.2.1"
    xtend "^4.0.0"

punycode@1.3.2:
  version "1.3.2"
  resolved "https://registry.yarnpkg.com/punycode/-/punycode-1.3.2.tgz#9653a036fb7c1ee42342f2325cceefea3926c48d"
  integrity sha1-llOgNvt8HuQjQvIyXM7v6jkmxI0=

querystring@0.2.0:
  version "0.2.0"
  resolved "https://registry.yarnpkg.com/querystring/-/querystring-0.2.0.tgz#b209849203bb25df820da756e747005878521620"
  integrity sha1-sgmEkgO7Jd+CDadW50cAWHhSFiA=

readable-stream@^3.0.6:
  version "3.1.1"
  resolved "https://registry.yarnpkg.com/readable-stream/-/readable-stream-3.1.1.tgz#ed6bbc6c5ba58b090039ff18ce670515795aeb06"
  integrity sha512-DkN66hPyqDhnIQ6Jcsvx9bFjhw214O4poMBcIMgPVpQvNy9a0e0Uhg5SqySyDKAmUlwt8LonTBz1ezOnM8pUdA==
  dependencies:
    inherits "^2.0.3"
    string_decoder "^1.1.1"
    util-deprecate "^1.0.1"

safe-buffer@~5.1.0:
  version "5.1.2"
  resolved "https://registry.yarnpkg.com/safe-buffer/-/safe-buffer-5.1.2.tgz#991ec69d296e0313747d59bdfd2b745c35f8828d"
  integrity sha512-Gd2UZBJDkXlY7GbJxfsE8/nvKkUEU1G38c1siN6QP6a9PT9MmHB8GnpscSmMJSoF8LOIrt8ud/wPtojys4G6+g==

"safer-buffer@>= 2.1.2 < 3":
  version "2.1.2"
  resolved "https://registry.yarnpkg.com/safer-buffer/-/safer-buffer-2.1.2.tgz#44fa161b0187b9549dd84bb91802f9bd8385cd6a"
  integrity sha512-YZo3K82SD7Riyi0E1EQPojLz7kpepnSQI9IyPbHHg1XXXevb5dJI7tpyN2ADxGcQbHG7vcyRHk0cbwqcQriUtg==

sax@1.2.1:
  version "1.2.1"
  resolved "https://registry.yarnpkg.com/sax/-/sax-1.2.1.tgz#7b8e656190b228e81a66aea748480d828cd2d37a"
  integrity sha1-e45lYZCyKOgaZq6nSEgNgozS03o=

sax@>=0.6.0:
  version "1.2.4"
  resolved "https://registry.yarnpkg.com/sax/-/sax-1.2.4.tgz#2816234e2378bddc4e5354fab5caa895df7100d9"
  integrity sha512-NqVDv9TpANUjFm0N8uM5GxL36UgKi9/atZw+x7YFnQ8ckwFGKrl4xX4yWtrey3UJm5nP1kUbnYgLopqWNSRhWw==

string_decoder@^1.1.1:
  version "1.2.0"
  resolved "https://registry.yarnpkg.com/string_decoder/-/string_decoder-1.2.0.tgz#fe86e738b19544afe70469243b2a1ee9240eae8d"
  integrity sha512-6YqyX6ZWEYguAxgZzHGL7SsCeGx3V2TtOTqZz1xSTSWnqsbWwbptafNyvf/ACquZUXV3DANr5BDIwNYe1mN42w==
  dependencies:
    safe-buffer "~5.1.0"

stringifier@^1.3.0:
  version "1.4.0"
  resolved "https://registry.yarnpkg.com/stringifier/-/stringifier-1.4.0.tgz#d704581567f4526265d00ed8ecb354a02c3fec28"
  integrity sha512-cNsMOqqrcbLcHTXEVmkw9y0fwDwkdgtZwlfyolzpQDoAE1xdNGhQhxBUfiDvvZIKl1hnUEgMv66nHwtMz3OjPw==
  dependencies:
    core-js "^2.0.0"
    traverse "^0.6.6"
    type-name "^2.0.1"

supports-color@5.4.0:
  version "5.4.0"
  resolved "https://registry.yarnpkg.com/supports-color/-/supports-color-5.4.0.tgz#1c6b337402c2137605efe19f10fec390f6faab54"
  integrity sha512-zjaXglF5nnWpsq470jSv6P9DwPvgLkuapYmfDm3JWOm0vkNTVF2tI4UrN2r6jH1qM/uc/WtxYY1hYoA2dOKj5w==
  dependencies:
    has-flag "^3.0.0"

tlds@1.203.1:
  version "1.203.1"
  resolved "https://registry.yarnpkg.com/tlds/-/tlds-1.203.1.tgz#4dc9b02f53de3315bc98b80665e13de3edfc1dfc"
  integrity sha512-7MUlYyGJ6rSitEZ3r1Q1QNV8uSIzapS8SmmhSusBuIc7uIxPPwsKllEP0GRp1NS6Ik6F+fRZvnjDWm3ecv2hDw==

traverse@^0.6.6:
  version "0.6.6"
  resolved "https://registry.yarnpkg.com/traverse/-/traverse-0.6.6.tgz#cbdf560fd7b9af632502fed40f918c157ea97137"
  integrity sha1-y99WD9e5r2MlAv7UD5GMFX6pcTc=

type-name@^2.0.1:
  version "2.0.2"
  resolved "https://registry.yarnpkg.com/type-name/-/type-name-2.0.2.tgz#efe7d4123d8ac52afff7f40c7e4dec5266008fb4"
  integrity sha1-7+fUEj2KxSr/9/QMfk3sUmYAj7Q=

uc.micro@^1.0.1:
  version "1.0.6"
  resolved "https://registry.yarnpkg.com/uc.micro/-/uc.micro-1.0.6.tgz#9c411a802a409a91fc6cf74081baba34b24499ac"
  integrity sha512-8Y75pvTYkLJW2hWQHXxoqRgV7qb9B+9vFEtidML+7koHUFapnVJAZ6cKs+Qjz5Aw3aZWHMC6u0wJE3At+nSGwA==

universal-deep-strict-equal@^1.2.1:
  version "1.2.2"
  resolved "https://registry.yarnpkg.com/universal-deep-strict-equal/-/universal-deep-strict-equal-1.2.2.tgz#0da4ac2f73cff7924c81fa4de018ca562ca2b0a7"
  integrity sha1-DaSsL3PP95JMgfpN4BjKViyisKc=
  dependencies:
    array-filter "^1.0.0"
    indexof "0.0.1"
    object-keys "^1.0.0"

url@0.10.3:
  version "0.10.3"
  resolved "https://registry.yarnpkg.com/url/-/url-0.10.3.tgz#021e4d9c7705f21bbf37d03ceb58767402774c64"
  integrity sha1-Ah5NnHcF8hu/N9A861h2dAJ3TGQ=
  dependencies:
    punycode "1.3.2"
    querystring "0.2.0"

util-deprecate@^1.0.1:
  version "1.0.2"
  resolved "https://registry.yarnpkg.com/util-deprecate/-/util-deprecate-1.0.2.tgz#450d4dc9fa70de732762fbd2d4a28981419a0ccf"
  integrity sha1-RQ1Nyfpw3nMnYvvS1KKJgUGaDM8=

uuid@3.3.2:
  version "3.3.2"
  resolved "https://registry.yarnpkg.com/uuid/-/uuid-3.3.2.tgz#1b4af4955eb3077c501c23872fc6513811587131"
  integrity sha512-yXJmeNaw3DnnKAOKJE51sL/ZaYfWJRl1pK9dr19YFCu0ObS231AB1/LbqTKRAQ5kw8A90rA6fr4riOUpTZvQZA==

wordwrap@~0.0.2:
  version "0.0.3"
  resolved "https://registry.yarnpkg.com/wordwrap/-/wordwrap-0.0.3.tgz#a3d5da6cd5c0bc0008d37234bbaf1bed63059107"
  integrity sha1-o9XabNXAvAAI03I0u68b7WMFkQc=

wrappy@1:
  version "1.0.2"
  resolved "https://registry.yarnpkg.com/wrappy/-/wrappy-1.0.2.tgz#b5243d8f3ec1aa35f1364605bc0d1036e30ab69f"
  integrity sha1-tSQ9jz7BqjXxNkYFvA0QNuMKtp8=

xml2js@0.4.19:
  version "0.4.19"
  resolved "https://registry.yarnpkg.com/xml2js/-/xml2js-0.4.19.tgz#686c20f213209e94abf0d1bcf1efaa291c7827a7"
  integrity sha512-esZnJZJOiJR9wWKMyuvSE1y6Dq5LCuJanqhxslH2bxM6duahNZ+HMpCLhBQGZkbX6xRf8x1Y2eJlgt2q3qo49Q==
  dependencies:
    sax ">=0.6.0"
    xmlbuilder "~9.0.1"

xmlbuilder@~9.0.1:
  version "9.0.7"
  resolved "https://registry.yarnpkg.com/xmlbuilder/-/xmlbuilder-9.0.7.tgz#132ee63d2ec5565c557e20f4c22df9aca686b10d"
  integrity sha1-Ey7mPS7FVlxVfiD0wi35rKaGsQ0=

xtend@^4.0.0:
  version "4.0.1"
  resolved "https://registry.yarnpkg.com/xtend/-/xtend-4.0.1.tgz#a5c6d532be656e23db820efb943a1f04998d63af"
  integrity sha1-pcbVMr5lbiPbgg77lDofBJmNY68=
